// !$*UTF8*$!
{
	archiveVersion = 1;
	classes = {
	};
	objectVersion = 55;
	objects = {

/* Begin PBXBuildFile section */
		667F503F27B8CE3300F4E6EE /* DailyHealthHabitTrackerApp.swift in Sources */ = {isa = PBXBuildFile; fileRef = 667F503E27B8CE3300F4E6EE /* DailyHealthHabitTrackerApp.swift */; };
		667F504127B8CE3300F4E6EE /* ContentView.swift in Sources */ = {isa = PBXBuildFile; fileRef = 667F504027B8CE3300F4E6EE /* ContentView.swift */; };
		667F504327B8CE3500F4E6EE /* Assets.xcassets in Resources */ = {isa = PBXBuildFile; fileRef = 667F504227B8CE3500F4E6EE /* Assets.xcassets */; };
		667F504627B8CE3500F4E6EE /* Preview Assets.xcassets in Resources */ = {isa = PBXBuildFile; fileRef = 667F504527B8CE3500F4E6EE /* Preview Assets.xcassets */; };
		667F505027B8CE3500F4E6EE /* DailyHealthHabitTrackerTests.swift in Sources */ = {isa = PBXBuildFile; fileRef = 667F504F27B8CE3500F4E6EE /* DailyHealthHabitTrackerTests.swift */; };
		667F505A27B8CE3600F4E6EE /* DailyHealthHabitTrackerUITests.swift in Sources */ = {isa = PBXBuildFile; fileRef = 667F505927B8CE3600F4E6EE /* DailyHealthHabitTrackerUITests.swift */; };
		667F505C27B8CE3600F4E6EE /* DailyHealthHabitTrackerUITestsLaunchTests.swift in Sources */ = {isa = PBXBuildFile; fileRef = 667F505B27B8CE3600F4E6EE /* DailyHealthHabitTrackerUITestsLaunchTests.swift */; };
		66DD292127BDC73F001432DA /* NewJournalEntry.swift in Sources */ = {isa = PBXBuildFile; fileRef = 66DD292027BDC73F001432DA /* NewJournalEntry.swift */; };
		66DD292227BDC73F001432DA /* NewJournalEntry.swift in Sources */ = {isa = PBXBuildFile; fileRef = 66DD292027BDC73F001432DA /* NewJournalEntry.swift */; };
		66DD292327BDC73F001432DA /* NewJournalEntry.swift in Sources */ = {isa = PBXBuildFile; fileRef = 66DD292027BDC73F001432DA /* NewJournalEntry.swift */; };
/* End PBXBuildFile section */

/* Begin PBXContainerItemProxy section */
		667F504C27B8CE3500F4E6EE /* PBXContainerItemProxy */ = {
			isa = PBXContainerItemProxy;
			containerPortal = 667F503327B8CE3300F4E6EE /* Project object */;
			proxyType = 1;
			remoteGlobalIDString = 667F503A27B8CE3300F4E6EE;
			remoteInfo = DailyHealthHabitTracker;
		};
		667F505627B8CE3600F4E6EE /* PBXContainerItemProxy */ = {
			isa = PBXContainerItemProxy;
			containerPortal = 667F503327B8CE3300F4E6EE /* Project object */;
			proxyType = 1;
			remoteGlobalIDString = 667F503A27B8CE3300F4E6EE;
			remoteInfo = DailyHealthHabitTracker;
		};
/* End PBXContainerItemProxy section */

/* Begin PBXFileReference section */
		667F503B27B8CE3300F4E6EE /* DailyHealthHabitTracker.app */ = {isa = PBXFileReference; explicitFileType = wrapper.application; includeInIndex = 0; path = DailyHealthHabitTracker.app; sourceTree = BUILT_PRODUCTS_DIR; };
		667F503E27B8CE3300F4E6EE /* DailyHealthHabitTrackerApp.swift */ = {isa = PBXFileReference; lastKnownFileType = sourcecode.swift; path = DailyHealthHabitTrackerApp.swift; sourceTree = "<group>"; };
		667F504027B8CE3300F4E6EE /* ContentView.swift */ = {isa = PBXFileReference; lastKnownFileType = sourcecode.swift; path = ContentView.swift; sourceTree = "<group>"; };
		667F504227B8CE3500F4E6EE /* Assets.xcassets */ = {isa = PBXFileReference; lastKnownFileType = folder.assetcatalog; path = Assets.xcassets; sourceTree = "<group>"; };
		667F504527B8CE3500F4E6EE /* Preview Assets.xcassets */ = {isa = PBXFileReference; lastKnownFileType = folder.assetcatalog; path = "Preview Assets.xcassets"; sourceTree = "<group>"; };
		667F504B27B8CE3500F4E6EE /* DailyHealthHabitTrackerTests.xctest */ = {isa = PBXFileReference; explicitFileType = wrapper.cfbundle; includeInIndex = 0; path = DailyHealthHabitTrackerTests.xctest; sourceTree = BUILT_PRODUCTS_DIR; };
		667F504F27B8CE3500F4E6EE /* DailyHealthHabitTrackerTests.swift */ = {isa = PBXFileReference; lastKnownFileType = sourcecode.swift; path = DailyHealthHabitTrackerTests.swift; sourceTree = "<group>"; };
		667F505527B8CE3600F4E6EE /* DailyHealthHabitTrackerUITests.xctest */ = {isa = PBXFileReference; explicitFileType = wrapper.cfbundle; includeInIndex = 0; path = DailyHealthHabitTrackerUITests.xctest; sourceTree = BUILT_PRODUCTS_DIR; };
		667F505927B8CE3600F4E6EE /* DailyHealthHabitTrackerUITests.swift */ = {isa = PBXFileReference; lastKnownFileType = sourcecode.swift; path = DailyHealthHabitTrackerUITests.swift; sourceTree = "<group>"; };
		667F505B27B8CE3600F4E6EE /* DailyHealthHabitTrackerUITestsLaunchTests.swift */ = {isa = PBXFileReference; lastKnownFileType = sourcecode.swift; path = DailyHealthHabitTrackerUITestsLaunchTests.swift; sourceTree = "<group>"; };
		66DD292027BDC73F001432DA /* NewJournalEntry.swift */ = {isa = PBXFileReference; lastKnownFileType = sourcecode.swift; path = NewJournalEntry.swift; sourceTree = "<group>"; };
/* End PBXFileReference section */

/* Begin PBXFrameworksBuildPhase section */
		667F503827B8CE3300F4E6EE /* Frameworks */ = {
			isa = PBXFrameworksBuildPhase;
			buildActionMask = 2147483647;
			files = (
			);
			runOnlyForDeploymentPostprocessing = 0;
		};
		667F504827B8CE3500F4E6EE /* Frameworks */ = {
			isa = PBXFrameworksBuildPhase;
			buildActionMask = 2147483647;
			files = (
			);
			runOnlyForDeploymentPostprocessing = 0;
		};
		667F505227B8CE3600F4E6EE /* Frameworks */ = {
			isa = PBXFrameworksBuildPhase;
			buildActionMask = 2147483647;
			files = (
			);
			runOnlyForDeploymentPostprocessing = 0;
		};
/* End PBXFrameworksBuildPhase section */

/* Begin PBXGroup section */
		667F503227B8CE3300F4E6EE = {
			isa = PBXGroup;
			children = (
				667F503D27B8CE3300F4E6EE /* DailyHealthHabitTracker */,
				667F504E27B8CE3500F4E6EE /* DailyHealthHabitTrackerTests */,
				667F505827B8CE3600F4E6EE /* DailyHealthHabitTrackerUITests */,
				667F503C27B8CE3300F4E6EE /* Products */,
			);
			sourceTree = "<group>";
		};
		667F503C27B8CE3300F4E6EE /* Products */ = {
			isa = PBXGroup;
			children = (
				667F503B27B8CE3300F4E6EE /* DailyHealthHabitTracker.app */,
				667F504B27B8CE3500F4E6EE /* DailyHealthHabitTrackerTests.xctest */,
				667F505527B8CE3600F4E6EE /* DailyHealthHabitTrackerUITests.xctest */,
			);
			name = Products;
			sourceTree = "<group>";
		};
		667F503D27B8CE3300F4E6EE /* DailyHealthHabitTracker */ = {
			isa = PBXGroup;
			children = (
				66A8681F27BE850A00B5759F /* Model */,
				66A8681E27BE84FF00B5759F /* View */,
				66DD291B27BDC6FD001432DA /* ViewModels */,
				667F504227B8CE3500F4E6EE /* Assets.xcassets */,
				667F504427B8CE3500F4E6EE /* Preview Content */,
			);
			path = DailyHealthHabitTracker;
			sourceTree = "<group>";
		};
		667F504427B8CE3500F4E6EE /* Preview Content */ = {
			isa = PBXGroup;
			children = (
				667F504527B8CE3500F4E6EE /* Preview Assets.xcassets */,
			);
			path = "Preview Content";
			sourceTree = "<group>";
		};
		667F504E27B8CE3500F4E6EE /* DailyHealthHabitTrackerTests */ = {
			isa = PBXGroup;
			children = (
				667F504F27B8CE3500F4E6EE /* DailyHealthHabitTrackerTests.swift */,
			);
			path = DailyHealthHabitTrackerTests;
			sourceTree = "<group>";
		};
		667F505827B8CE3600F4E6EE /* DailyHealthHabitTrackerUITests */ = {
			isa = PBXGroup;
			children = (
				667F505927B8CE3600F4E6EE /* DailyHealthHabitTrackerUITests.swift */,
				667F505B27B8CE3600F4E6EE /* DailyHealthHabitTrackerUITestsLaunchTests.swift */,
			);
			path = DailyHealthHabitTrackerUITests;
			sourceTree = "<group>";
		};
		66A8681E27BE84FF00B5759F /* View */ = {
			isa = PBXGroup;
			children = (
				667F503E27B8CE3300F4E6EE /* DailyHealthHabitTrackerApp.swift */,
				667F504027B8CE3300F4E6EE /* ContentView.swift */,
			);
			path = View;
			sourceTree = "<group>";
		};
		66A8681F27BE850A00B5759F /* Model */ = {
			isa = PBXGroup;
			children = (
			);
			path = Model;
			sourceTree = "<group>";
		};
		66DD291B27BDC6FD001432DA /* ViewModels */ = {
			isa = PBXGroup;
			children = (
				66DD292027BDC73F001432DA /* NewJournalEntry.swift */,
			);
			path = ViewModels;
			sourceTree = "<group>";
		};
/* End PBXGroup section */

/* Begin PBXNativeTarget section */
		667F503A27B8CE3300F4E6EE /* DailyHealthHabitTracker */ = {
			isa = PBXNativeTarget;
			buildConfigurationList = 667F505F27B8CE3600F4E6EE /* Build configuration list for PBXNativeTarget "DailyHealthHabitTracker" */;
			buildPhases = (
				667F503727B8CE3300F4E6EE /* Sources */,
				667F503827B8CE3300F4E6EE /* Frameworks */,
				667F503927B8CE3300F4E6EE /* Resources */,
			);
			buildRules = (
			);
			dependencies = (
			);
			name = DailyHealthHabitTracker;
			productName = DailyHealthHabitTracker;
			productReference = 667F503B27B8CE3300F4E6EE /* DailyHealthHabitTracker.app */;
			productType = "com.apple.product-type.application";
		};
		667F504A27B8CE3500F4E6EE /* DailyHealthHabitTrackerTests */ = {
			isa = PBXNativeTarget;
			buildConfigurationList = 667F506227B8CE3600F4E6EE /* Build configuration list for PBXNativeTarget "DailyHealthHabitTrackerTests" */;
			buildPhases = (
				667F504727B8CE3500F4E6EE /* Sources */,
				667F504827B8CE3500F4E6EE /* Frameworks */,
				667F504927B8CE3500F4E6EE /* Resources */,
			);
			buildRules = (
			);
			dependencies = (
				667F504D27B8CE3500F4E6EE /* PBXTargetDependency */,
			);
			name = DailyHealthHabitTrackerTests;
			productName = DailyHealthHabitTrackerTests;
			productReference = 667F504B27B8CE3500F4E6EE /* DailyHealthHabitTrackerTests.xctest */;
			productType = "com.apple.product-type.bundle.unit-test";
		};
		667F505427B8CE3600F4E6EE /* DailyHealthHabitTrackerUITests */ = {
			isa = PBXNativeTarget;
			buildConfigurationList = 667F506527B8CE3600F4E6EE /* Build configuration list for PBXNativeTarget "DailyHealthHabitTrackerUITests" */;
			buildPhases = (
				667F505127B8CE3600F4E6EE /* Sources */,
				667F505227B8CE3600F4E6EE /* Frameworks */,
				667F505327B8CE3600F4E6EE /* Resources */,
			);
			buildRules = (
			);
			dependencies = (
				667F505727B8CE3600F4E6EE /* PBXTargetDependency */,
			);
			name = DailyHealthHabitTrackerUITests;
			productName = DailyHealthHabitTrackerUITests;
			productReference = 667F505527B8CE3600F4E6EE /* DailyHealthHabitTrackerUITests.xctest */;
			productType = "com.apple.product-type.bundle.ui-testing";
		};
/* End PBXNativeTarget section */

/* Begin PBXProject section */
		667F503327B8CE3300F4E6EE /* Project object */ = {
			isa = PBXProject;
			attributes = {
				BuildIndependentTargetsInParallel = 1;
				LastSwiftUpdateCheck = 1320;
				LastUpgradeCheck = 1320;
				TargetAttributes = {
					667F503A27B8CE3300F4E6EE = {
						CreatedOnToolsVersion = 13.2.1;
					};
					667F504A27B8CE3500F4E6EE = {
						CreatedOnToolsVersion = 13.2.1;
						TestTargetID = 667F503A27B8CE3300F4E6EE;
					};
					667F505427B8CE3600F4E6EE = {
						CreatedOnToolsVersion = 13.2.1;
						TestTargetID = 667F503A27B8CE3300F4E6EE;
					};
				};
			};
			buildConfigurationList = 667F503627B8CE3300F4E6EE /* Build configuration list for PBXProject "DailyHealthHabitTracker" */;
			compatibilityVersion = "Xcode 13.0";
			developmentRegion = en;
			hasScannedForEncodings = 0;
			knownRegions = (
				en,
				Base,
			);
			mainGroup = 667F503227B8CE3300F4E6EE;
			productRefGroup = 667F503C27B8CE3300F4E6EE /* Products */;
			projectDirPath = "";
			projectRoot = "";
			targets = (
				667F503A27B8CE3300F4E6EE /* DailyHealthHabitTracker */,
				667F504A27B8CE3500F4E6EE /* DailyHealthHabitTrackerTests */,
				667F505427B8CE3600F4E6EE /* DailyHealthHabitTrackerUITests */,
			);
		};
/* End PBXProject section */

/* Begin PBXResourcesBuildPhase section */
		667F503927B8CE3300F4E6EE /* Resources */ = {
			isa = PBXResourcesBuildPhase;
			buildActionMask = 2147483647;
			files = (
				667F504627B8CE3500F4E6EE /* Preview Assets.xcassets in Resources */,
				667F504327B8CE3500F4E6EE /* Assets.xcassets in Resources */,
			);
			runOnlyForDeploymentPostprocessing = 0;
		};
		667F504927B8CE3500F4E6EE /* Resources */ = {
			isa = PBXResourcesBuildPhase;
			buildActionMask = 2147483647;
			files = (
			);
			runOnlyForDeploymentPostprocessing = 0;
		};
		667F505327B8CE3600F4E6EE /* Resources */ = {
			isa = PBXResourcesBuildPhase;
			buildActionMask = 2147483647;
			files = (
			);
			runOnlyForDeploymentPostprocessing = 0;
		};
/* End PBXResourcesBuildPhase section */

/* Begin PBXSourcesBuildPhase section */
		667F503727B8CE3300F4E6EE /* Sources */ = {
			isa = PBXSourcesBuildPhase;
			buildActionMask = 2147483647;
			files = (
				667F504127B8CE3300F4E6EE /* ContentView.swift in Sources */,
				667F503F27B8CE3300F4E6EE /* DailyHealthHabitTrackerApp.swift in Sources */,
				66DD292127BDC73F001432DA /* NewJournalEntry.swift in Sources */,
			);
			runOnlyForDeploymentPostprocessing = 0;
		};
		667F504727B8CE3500F4E6EE /* Sources */ = {
			isa = PBXSourcesBuildPhase;
			buildActionMask = 2147483647;
			files = (
				667F505027B8CE3500F4E6EE /* DailyHealthHabitTrackerTests.swift in Sources */,
				66DD292227BDC73F001432DA /* NewJournalEntry.swift in Sources */,
			);
			runOnlyForDeploymentPostprocessing = 0;
		};
		667F505127B8CE3600F4E6EE /* Sources */ = {
			isa = PBXSourcesBuildPhase;
			buildActionMask = 2147483647;
			files = (
				667F505C27B8CE3600F4E6EE /* DailyHealthHabitTrackerUITestsLaunchTests.swift in Sources */,
				667F505A27B8CE3600F4E6EE /* DailyHealthHabitTrackerUITests.swift in Sources */,
				66DD292327BDC73F001432DA /* NewJournalEntry.swift in Sources */,
			);
			runOnlyForDeploymentPostprocessing = 0;
		};
/* End PBXSourcesBuildPhase section */

/* Begin PBXTargetDependency section */
		667F504D27B8CE3500F4E6EE /* PBXTargetDependency */ = {
			isa = PBXTargetDependency;
			target = 667F503A27B8CE3300F4E6EE /* DailyHealthHabitTracker */;
			targetProxy = 667F504C27B8CE3500F4E6EE /* PBXContainerItemProxy */;
		};
		667F505727B8CE3600F4E6EE /* PBXTargetDependency */ = {
			isa = PBXTargetDependency;
			target = 667F503A27B8CE3300F4E6EE /* DailyHealthHabitTracker */;
			targetProxy = 667F505627B8CE3600F4E6EE /* PBXContainerItemProxy */;
		};
/* End PBXTargetDependency section */

/* Begin XCBuildConfiguration section */
		667F505D27B8CE3600F4E6EE /* Debug */ = {
			isa = XCBuildConfiguration;
			buildSettings = {
				ALWAYS_SEARCH_USER_PATHS = NO;
				CLANG_ANALYZER_NONNULL = YES;
				CLANG_ANALYZER_NUMBER_OBJECT_CONVERSION = YES_AGGRESSIVE;
				CLANG_CXX_LANGUAGE_STANDARD = "gnu++17";
				CLANG_CXX_LIBRARY = "libc++";
				CLANG_ENABLE_MODULES = YES;
				CLANG_ENABLE_OBJC_ARC = YES;
				CLANG_ENABLE_OBJC_WEAK = YES;
				CLANG_WARN_BLOCK_CAPTURE_AUTORELEASING = YES;
				CLANG_WARN_BOOL_CONVERSION = YES;
				CLANG_WARN_COMMA = YES;
				CLANG_WARN_CONSTANT_CONVERSION = YES;
				CLANG_WARN_DEPRECATED_OBJC_IMPLEMENTATIONS = YES;
				CLANG_WARN_DIRECT_OBJC_ISA_USAGE = YES_ERROR;
				CLANG_WARN_DOCUMENTATION_COMMENTS = YES;
				CLANG_WARN_EMPTY_BODY = YES;
				CLANG_WARN_ENUM_CONVERSION = YES;
				CLANG_WARN_INFINITE_RECURSION = YES;
				CLANG_WARN_INT_CONVERSION = YES;
				CLANG_WARN_NON_LITERAL_NULL_CONVERSION = YES;
				CLANG_WARN_OBJC_IMPLICIT_RETAIN_SELF = YES;
				CLANG_WARN_OBJC_LITERAL_CONVERSION = YES;
				CLANG_WARN_OBJC_ROOT_CLASS = YES_ERROR;
				CLANG_WARN_QUOTED_INCLUDE_IN_FRAMEWORK_HEADER = YES;
				CLANG_WARN_RANGE_LOOP_ANALYSIS = YES;
				CLANG_WARN_STRICT_PROTOTYPES = YES;
				CLANG_WARN_SUSPICIOUS_MOVE = YES;
				CLANG_WARN_UNGUARDED_AVAILABILITY = YES_AGGRESSIVE;
				CLANG_WARN_UNREACHABLE_CODE = YES;
				CLANG_WARN__DUPLICATE_METHOD_MATCH = YES;
				COPY_PHASE_STRIP = NO;
				DEBUG_INFORMATION_FORMAT = dwarf;
				ENABLE_STRICT_OBJC_MSGSEND = YES;
				ENABLE_TESTABILITY = YES;
				GCC_C_LANGUAGE_STANDARD = gnu11;
				GCC_DYNAMIC_NO_PIC = NO;
				GCC_NO_COMMON_BLOCKS = YES;
				GCC_OPTIMIZATION_LEVEL = 0;
				GCC_PREPROCESSOR_DEFINITIONS = (
					"DEBUG=1",
					"$(inherited)",
				);
				GCC_WARN_64_TO_32_BIT_CONVERSION = YES;
				GCC_WARN_ABOUT_RETURN_TYPE = YES_ERROR;
				GCC_WARN_UNDECLARED_SELECTOR = YES;
				GCC_WARN_UNINITIALIZED_AUTOS = YES_AGGRESSIVE;
				GCC_WARN_UNUSED_FUNCTION = YES;
				GCC_WARN_UNUSED_VARIABLE = YES;
				IPHONEOS_DEPLOYMENT_TARGET = 15.2;
				MTL_ENABLE_DEBUG_INFO = INCLUDE_SOURCE;
				MTL_FAST_MATH = YES;
				ONLY_ACTIVE_ARCH = YES;
				SDKROOT = iphoneos;
				SWIFT_ACTIVE_COMPILATION_CONDITIONS = DEBUG;
				SWIFT_OPTIMIZATION_LEVEL = "-Onone";
			};
			name = Debug;
		};
		667F505E27B8CE3600F4E6EE /* Release */ = {
			isa = XCBuildConfiguration;
			buildSettings = {
				ALWAYS_SEARCH_USER_PATHS = NO;
				CLANG_ANALYZER_NONNULL = YES;
				CLANG_ANALYZER_NUMBER_OBJECT_CONVERSION = YES_AGGRESSIVE;
				CLANG_CXX_LANGUAGE_STANDARD = "gnu++17";
				CLANG_CXX_LIBRARY = "libc++";
				CLANG_ENABLE_MODULES = YES;
				CLANG_ENABLE_OBJC_ARC = YES;
				CLANG_ENABLE_OBJC_WEAK = YES;
				CLANG_WARN_BLOCK_CAPTURE_AUTORELEASING = YES;
				CLANG_WARN_BOOL_CONVERSION = YES;
				CLANG_WARN_COMMA = YES;
				CLANG_WARN_CONSTANT_CONVERSION = YES;
				CLANG_WARN_DEPRECATED_OBJC_IMPLEMENTATIONS = YES;
				CLANG_WARN_DIRECT_OBJC_ISA_USAGE = YES_ERROR;
				CLANG_WARN_DOCUMENTATION_COMMENTS = YES;
				CLANG_WARN_EMPTY_BODY = YES;
				CLANG_WARN_ENUM_CONVERSION = YES;
				CLANG_WARN_INFINITE_RECURSION = YES;
				CLANG_WARN_INT_CONVERSION = YES;
				CLANG_WARN_NON_LITERAL_NULL_CONVERSION = YES;
				CLANG_WARN_OBJC_IMPLICIT_RETAIN_SELF = YES;
				CLANG_WARN_OBJC_LITERAL_CONVERSION = YES;
				CLANG_WARN_OBJC_ROOT_CLASS = YES_ERROR;
				CLANG_WARN_QUOTED_INCLUDE_IN_FRAMEWORK_HEADER = YES;
				CLANG_WARN_RANGE_LOOP_ANALYSIS = YES;
				CLANG_WARN_STRICT_PROTOTYPES = YES;
				CLANG_WARN_SUSPICIOUS_MOVE = YES;
				CLANG_WARN_UNGUARDED_AVAILABILITY = YES_AGGRESSIVE;
				CLANG_WARN_UNREACHABLE_CODE = YES;
				CLANG_WARN__DUPLICATE_METHOD_MATCH = YES;
				COPY_PHASE_STRIP = NO;
				DEBUG_INFORMATION_FORMAT = "dwarf-with-dsym";
				ENABLE_NS_ASSERTIONS = NO;
				ENABLE_STRICT_OBJC_MSGSEND = YES;
				GCC_C_LANGUAGE_STANDARD = gnu11;
				GCC_NO_COMMON_BLOCKS = YES;
				GCC_WARN_64_TO_32_BIT_CONVERSION = YES;
				GCC_WARN_ABOUT_RETURN_TYPE = YES_ERROR;
				GCC_WARN_UNDECLARED_SELECTOR = YES;
				GCC_WARN_UNINITIALIZED_AUTOS = YES_AGGRESSIVE;
				GCC_WARN_UNUSED_FUNCTION = YES;
				GCC_WARN_UNUSED_VARIABLE = YES;
				IPHONEOS_DEPLOYMENT_TARGET = 15.2;
				MTL_ENABLE_DEBUG_INFO = NO;
				MTL_FAST_MATH = YES;
				SDKROOT = iphoneos;
				SWIFT_COMPILATION_MODE = wholemodule;
				SWIFT_OPTIMIZATION_LEVEL = "-O";
				VALIDATE_PRODUCT = YES;
			};
			name = Release;
		};
		667F506027B8CE3600F4E6EE /* Debug */ = {
			isa = XCBuildConfiguration;
			buildSettings = {
				ASSETCATALOG_COMPILER_APPICON_NAME = AppIcon;
				ASSETCATALOG_COMPILER_GLOBAL_ACCENT_COLOR_NAME = AccentColor;
				CODE_SIGN_STYLE = Automatic;
				CURRENT_PROJECT_VERSION = 1;
				DEVELOPMENT_ASSET_PATHS = "\"DailyHealthHabitTracker/Preview Content\"";
				DEVELOPMENT_TEAM = SBS6PCTEQ9;
				ENABLE_PREVIEWS = YES;
				GENERATE_INFOPLIST_FILE = YES;
				INFOPLIST_KEY_UIApplicationSceneManifest_Generation = YES;
				INFOPLIST_KEY_UIApplicationSupportsIndirectInputEvents = YES;
				INFOPLIST_KEY_UILaunchScreen_Generation = YES;
				INFOPLIST_KEY_UISupportedInterfaceOrientations_iPad = "UIInterfaceOrientationPortrait UIInterfaceOrientationPortraitUpsideDown UIInterfaceOrientationLandscapeLeft UIInterfaceOrientationLandscapeRight";
				INFOPLIST_KEY_UISupportedInterfaceOrientations_iPhone = "UIInterfaceOrientationPortrait UIInterfaceOrientationLandscapeLeft UIInterfaceOrientationLandscapeRight";
				LD_RUNPATH_SEARCH_PATHS = (
					"$(inherited)",
					"@executable_path/Frameworks",
				);
				MARKETING_VERSION = 1.0;
				PRODUCT_BUNDLE_IDENTIFIER = com.DrewBrokamp.DailyHealthHabitTracker;
				PRODUCT_NAME = "$(TARGET_NAME)";
				SWIFT_EMIT_LOC_STRINGS = YES;
				SWIFT_VERSION = 5.0;
				TARGETED_DEVICE_FAMILY = "1,2";
			};
			name = Debug;
		};
		667F506127B8CE3600F4E6EE /* Release */ = {
			isa = XCBuildConfiguration;
			buildSettings = {
				ASSETCATALOG_COMPILER_APPICON_NAME = AppIcon;
				ASSETCATALOG_COMPILER_GLOBAL_ACCENT_COLOR_NAME = AccentColor;
				CODE_SIGN_STYLE = Automatic;
				CURRENT_PROJECT_VERSION = 1;
				DEVELOPMENT_ASSET_PATHS = "\"DailyHealthHabitTracker/Preview Content\"";
				DEVELOPMENT_TEAM = SBS6PCTEQ9;
				ENABLE_PREVIEWS = YES;
				GENERATE_INFOPLIST_FILE = YES;
				INFOPLIST_KEY_UIApplicationSceneManifest_Generation = YES;
				INFOPLIST_KEY_UIApplicationSupportsIndirectInputEvents = YES;
				INFOPLIST_KEY_UILaunchScreen_Generation = YES;
				INFOPLIST_KEY_UISupportedInterfaceOrientations_iPad = "UIInterfaceOrientationPortrait UIInterfaceOrientationPortraitUpsideDown UIInterfaceOrientationLandscapeLeft UIInterfaceOrientationLandscapeRight";
				INFOPLIST_KEY_UISupportedInterfaceOrientations_iPhone = "UIInterfaceOrientationPortrait UIInterfaceOrientationLandscapeLeft UIInterfaceOrientationLandscapeRight";
				LD_RUNPATH_SEARCH_PATHS = (
					"$(inherited)",
					"@executable_path/Frameworks",
				);
				MARKETING_VERSION = 1.0;
				PRODUCT_BUNDLE_IDENTIFIER = com.DrewBrokamp.DailyHealthHabitTracker;
				PRODUCT_NAME = "$(TARGET_NAME)";
				SWIFT_EMIT_LOC_STRINGS = YES;
				SWIFT_VERSION = 5.0;
				TARGETED_DEVICE_FAMILY = "1,2";
			};
			name = Release;
		};
		667F506327B8CE3600F4E6EE /* Debug */ = {
			isa = XCBuildConfiguration;
			buildSettings = {
				ALWAYS_EMBED_SWIFT_STANDARD_LIBRARIES = YES;
				BUNDLE_LOADER = "$(TEST_HOST)";
				CODE_SIGN_STYLE = Automatic;
				CURRENT_PROJECT_VERSION = 1;
				DEVELOPMENT_TEAM = SBS6PCTEQ9;
				GENERATE_INFOPLIST_FILE = YES;
				IPHONEOS_DEPLOYMENT_TARGET = 15.2;
				MARKETING_VERSION = 1.0;
				PRODUCT_BUNDLE_IDENTIFIER = com.DrewBrokamp.DailyHealthHabitTrackerTests;
				PRODUCT_NAME = "$(TARGET_NAME)";
				SWIFT_EMIT_LOC_STRINGS = NO;
				SWIFT_VERSION = 5.0;
				TARGETED_DEVICE_FAMILY = "1,2";
				TEST_HOST = "$(BUILT_PRODUCTS_DIR)/DailyHealthHabitTracker.app/DailyHealthHabitTracker";
			};
			name = Debug;
		};
		667F506427B8CE3600F4E6EE /* Release */ = {
			isa = XCBuildConfiguration;
			buildSettings = {
				ALWAYS_EMBED_SWIFT_STANDARD_LIBRARIES = YES;
				BUNDLE_LOADER = "$(TEST_HOST)";
				CODE_SIGN_STYLE = Automatic;
				CURRENT_PROJECT_VERSION = 1;
				DEVELOPMENT_TEAM = SBS6PCTEQ9;
				GENERATE_INFOPLIST_FILE = YES;
				IPHONEOS_DEPLOYMENT_TARGET = 15.2;
				MARKETING_VERSION = 1.0;
				PRODUCT_BUNDLE_IDENTIFIER = com.DrewBrokamp.DailyHealthHabitTrackerTests;
				PRODUCT_NAME = "$(TARGET_NAME)";
				SWIFT_EMIT_LOC_STRINGS = NO;
				SWIFT_VERSION = 5.0;
				TARGETED_DEVICE_FAMILY = "1,2";
				TEST_HOST = "$(BUILT_PRODUCTS_DIR)/DailyHealthHabitTracker.app/DailyHealthHabitTracker";
			};
			name = Release;
		};
		667F506627B8CE3600F4E6EE /* Debug */ = {
			isa = XCBuildConfiguration;
			buildSettings = {
				ALWAYS_EMBED_SWIFT_STANDARD_LIBRARIES = YES;
				CODE_SIGN_STYLE = Automatic;
				CURRENT_PROJECT_VERSION = 1;
				DEVELOPMENT_TEAM = SBS6PCTEQ9;
				GENERATE_INFOPLIST_FILE = YES;
				MARKETING_VERSION = 1.0;
				PRODUCT_BUNDLE_IDENTIFIER = com.DrewBrokamp.DailyHealthHabitTrackerUITests;
				PRODUCT_NAME = "$(TARGET_NAME)";
				SWIFT_EMIT_LOC_STRINGS = NO;
				SWIFT_VERSION = 5.0;
				TARGETED_DEVICE_FAMILY = "1,2";
				TEST_TARGET_NAME = DailyHealthHabitTracker;
			};
			name = Debug;
		};
		667F506727B8CE3600F4E6EE /* Release */ = {
			isa = XCBuildConfiguration;
			buildSettings = {
				ALWAYS_EMBED_SWIFT_STANDARD_LIBRARIES = YES;
				CODE_SIGN_STYLE = Automatic;
				CURRENT_PROJECT_VERSION = 1;
				DEVELOPMENT_TEAM = SBS6PCTEQ9;
				GENERATE_INFOPLIST_FILE = YES;
				MARKETING_VERSION = 1.0;
				PRODUCT_BUNDLE_IDENTIFIER = com.DrewBrokamp.DailyHealthHabitTrackerUITests;
				PRODUCT_NAME = "$(TARGET_NAME)";
				SWIFT_EMIT_LOC_STRINGS = NO;
				SWIFT_VERSION = 5.0;
				TARGETED_DEVICE_FAMILY = "1,2";
				TEST_TARGET_NAME = DailyHealthHabitTracker;
			};
			name = Release;
		};
/* End XCBuildConfiguration section */

/* Begin XCConfigurationList section */
		667F503627B8CE3300F4E6EE /* Build configuration list for PBXProject "DailyHealthHabitTracker" */ = {
			isa = XCConfigurationList;
			buildConfigurations = (
				667F505D27B8CE3600F4E6EE /* Debug */,
				667F505E27B8CE3600F4E6EE /* Release */,
			);
			defaultConfigurationIsVisible = 0;
			defaultConfigurationName = Release;
		};
		667F505F27B8CE3600F4E6EE /* Build configuration list for PBXNativeTarget "DailyHealthHabitTracker" */ = {
			isa = XCConfigurationList;
			buildConfigurations = (
				667F506027B8CE3600F4E6EE /* Debug */,
				667F506127B8CE3600F4E6EE /* Release */,
			);
			defaultConfigurationIsVisible = 0;
			defaultConfigurationName = Release;
		};
		667F506227B8CE3600F4E6EE /* Build configuration list for PBXNativeTarget "DailyHealthHabitTrackerTests" */ = {
			isa = XCConfigurationList;
			buildConfigurations = (
				667F506327B8CE3600F4E6EE /* Debug */,
				667F506427B8CE3600F4E6EE /* Release */,
			);
			defaultConfigurationIsVisible = 0;
			defaultConfigurationName = Release;
		};
		667F506527B8CE3600F4E6EE /* Build configuration list for PBXNativeTarget "DailyHealthHabitTrackerUITests" */ = {
			isa = XCConfigurationList;
			buildConfigurations = (
				667F506627B8CE3600F4E6EE /* Debug */,
				667F506727B8CE3600F4E6EE /* Release */,
			);
			defaultConfigurationIsVisible = 0;
			defaultConfigurationName = Release;
		};
/* End XCConfigurationList section */
	};
	rootObject = 667F503327B8CE3300F4E6EE /* Project object */;
}
